
Microsoft Visual Studio Solution File, Format Version 12.00
# Visual Studio 2013
VisualStudioVersion = 12.0.21005.1
MinimumVisualStudioVersion = 10.0.40219.1
Project("{FAE04EC0-301F-11D3-BF4B-00C04F79EFBC}") = "IndigoWord", "IndigoWord\IndigoWord.csproj", "{AFEC2C6B-7879-40FA-BBBD-CEBD8DE28567}"
EndProject
Project("{FAE04EC0-301F-11D3-BF4B-00C04F79EFBC}") = "IndigoWordSample", "IndigoWordSample\IndigoWordSample.csproj", "{99E59F81-3BF5-4161-B8BA-C1E6C28F9CB1}"
EndProject
Global
	GlobalSection(SolutionConfigurationPlatforms) = preSolution
		Debug|Any CPU = Debug|Any CPU
		Release|Any CPU = Release|Any CPU
	EndGlobalSection
	GlobalSection(ProjectConfigurationPlatforms) = postSolution
		{AFEC2C6B-7879-40FA-BBBD-CEBD8DE28567}.Debug|Any CPU.ActiveCfg = Debug|Any CPU
		{AFEC2C6B-7879-40FA-BBBD-CEBD8DE28567}.Debug|Any CPU.Build.0 = Debug|Any CPU
		{AFEC2C6B-7879-40FA-BBBD-CEBD8DE28567}.Release|Any CPU.ActiveCfg = Release|Any CPU
		{AFEC2C6B-7879-40FA-BBBD-CEBD8DE28567}.Release|Any CPU.Build.0 = Release|Any CPU
		{99E59F81-3BF5-4161-B8BA-C1E6C28F9CB1}.Debug|Any CPU.ActiveCfg = Debug|Any CPU
		{99E59F81-3BF5-4161-B8BA-C1E6C28F9CB1}.Debug|Any CPU.Build.0 = Debug|Any CPU
		{99E59F81-3BF5-4161-B8BA-C1E6C28F9CB1}.Release|Any CPU.ActiveCfg = Release|Any CPU
		{99E59F81-3BF5-4161-B8BA-C1E6C28F9CB1}.Release|Any CPU.Build.0 = Release|Any CPU
	EndGlobalSection
	GlobalSection(SolutionProperties) = preSolution
		HideSolutionNode = FALSE
	EndGlobalSection
EndGlobal
